
Microsoft Visual Studio Solution File, Format Version 12.00
# Visual Studio 15
VisualStudioVersion = 15.0.27703.2042
MinimumVisualStudioVersion = 10.0.40219.1
Project("{FAE04EC0-301F-11D3-BF4B-00C04F79EFBC}") = "MonoGameJam", "MonoGameJam.csproj", "{D6B991C9-E64D-439A-BCBB-AD3961AF6A76}"
EndProject
Global
	GlobalSection(SolutionConfigurationPlatforms) = preSolution
		Debug|Any CPU = Debug|Any CPU
		Release|Any CPU = Release|Any CPU
	EndGlobalSection
	GlobalSection(ProjectConfigurationPlatforms) = postSolution
		{D6B991C9-E64D-439A-BCBB-AD3961AF6A76}.Debug|Any CPU.ActiveCfg = Debug|Any CPU
		{D6B991C9-E64D-439A-BCBB-AD3961AF6A76}.Debug|Any CPU.Build.0 = Debug|Any CPU
		{D6B991C9-E64D-439A-BCBB-AD3961AF6A76}.Release|Any CPU.ActiveCfg = Release|Any CPU
		{D6B991C9-E64D-439A-BCBB-AD3961AF6A76}.Release|Any CPU.Build.0 = Release|Any CPU
	EndGlobalSection
	GlobalSection(SolutionProperties) = preSolution
		HideSolutionNode = FALSE
	EndGlobalSection
	GlobalSection(ExtensibilityGlobals) = postSolution
		SolutionGuid = {973E524D-E4C8-4DF4-98F5-DFC00D9C5903}
	EndGlobalSection
EndGlobal
