
Microsoft Visual Studio Solution File, Format Version 12.00
# Visual Studio 15
VisualStudioVersion = 15.0.27703.2042
MinimumVisualStudioVersion = 10.0.40219.1
Project("{FAE04EC0-301F-11D3-BF4B-00C04F79EFBC}") = "WinGame", "Game1\WinGame.csproj", "{C03178FB-0C6B-4457-8155-E53A642B7F42}"
EndProject
Project("{F2A71F9B-5D33-465A-A702-920D77279786}") = "FSTest", "FSTest\FSTest.fsproj", "{BE364335-4B20-4078-A718-8262D82091B7}"
EndProject
Project("{F2A71F9B-5D33-465A-A702-920D77279786}") = "FSGame", "FSGame\FSGame.fsproj", "{C5085643-A9B1-486A-8E6B-BBB069885BA4}"
EndProject
Global
	GlobalSection(SolutionConfigurationPlatforms) = preSolution
		Debug|Any CPU = Debug|Any CPU
		Debug|x86 = Debug|x86
		Release|Any CPU = Release|Any CPU
		Release|x86 = Release|x86
	EndGlobalSection
	GlobalSection(ProjectConfigurationPlatforms) = postSolution
		{C03178FB-0C6B-4457-8155-E53A642B7F42}.Debug|Any CPU.ActiveCfg = Debug|x86
		{C03178FB-0C6B-4457-8155-E53A642B7F42}.Debug|x86.ActiveCfg = Debug|x86
		{C03178FB-0C6B-4457-8155-E53A642B7F42}.Debug|x86.Build.0 = Debug|x86
		{C03178FB-0C6B-4457-8155-E53A642B7F42}.Release|Any CPU.ActiveCfg = Release|x86
		{C03178FB-0C6B-4457-8155-E53A642B7F42}.Release|x86.ActiveCfg = Release|x86
		{C03178FB-0C6B-4457-8155-E53A642B7F42}.Release|x86.Build.0 = Release|x86
		{BE364335-4B20-4078-A718-8262D82091B7}.Debug|Any CPU.ActiveCfg = Debug|Any CPU
		{BE364335-4B20-4078-A718-8262D82091B7}.Debug|Any CPU.Build.0 = Debug|Any CPU
		{BE364335-4B20-4078-A718-8262D82091B7}.Debug|x86.ActiveCfg = Debug|Any CPU
		{BE364335-4B20-4078-A718-8262D82091B7}.Debug|x86.Build.0 = Debug|Any CPU
		{BE364335-4B20-4078-A718-8262D82091B7}.Release|Any CPU.ActiveCfg = Release|Any CPU
		{BE364335-4B20-4078-A718-8262D82091B7}.Release|Any CPU.Build.0 = Release|Any CPU
		{BE364335-4B20-4078-A718-8262D82091B7}.Release|x86.ActiveCfg = Release|Any CPU
		{BE364335-4B20-4078-A718-8262D82091B7}.Release|x86.Build.0 = Release|Any CPU
		{C5085643-A9B1-486A-8E6B-BBB069885BA4}.Debug|Any CPU.ActiveCfg = Debug|Any CPU
		{C5085643-A9B1-486A-8E6B-BBB069885BA4}.Debug|Any CPU.Build.0 = Debug|Any CPU
		{C5085643-A9B1-486A-8E6B-BBB069885BA4}.Debug|x86.ActiveCfg = Debug|Any CPU
		{C5085643-A9B1-486A-8E6B-BBB069885BA4}.Debug|x86.Build.0 = Debug|Any CPU
		{C5085643-A9B1-486A-8E6B-BBB069885BA4}.Release|Any CPU.ActiveCfg = Release|Any CPU
		{C5085643-A9B1-486A-8E6B-BBB069885BA4}.Release|Any CPU.Build.0 = Release|Any CPU
		{C5085643-A9B1-486A-8E6B-BBB069885BA4}.Release|x86.ActiveCfg = Release|Any CPU
		{C5085643-A9B1-486A-8E6B-BBB069885BA4}.Release|x86.Build.0 = Release|Any CPU
	EndGlobalSection
	GlobalSection(SolutionProperties) = preSolution
		HideSolutionNode = FALSE
	EndGlobalSection
	GlobalSection(ExtensibilityGlobals) = postSolution
		SolutionGuid = {973E524D-E4C8-4DF4-98F5-DFC00D9C5903}
	EndGlobalSection
EndGlobal
